#MicroXplorer Configuration settings - do not modify
BOOTPATH.BootPathName=LEGACY
BOOTPATH.IPParameters=BootPathName
BOOTPATH.UserSelectedBootPath=LEGACY
CAD.formats=
CAD.pinconfig=
CAD.provider=
CORTEX_M33_NS.userName=CORTEX_M33
File.Version=6
GPDMA1.CIRCULARMODE_GPDMACH4=DISABLE
GPDMA1.CIRCULARMODE_GPDMACH5=DISABLE
GPDMA1.DESTINC_GPDMACH4=DMA_DINC_FIXED
GPDMA1.DESTINC_GPDMACH5=DMA_DINC_INCREMENTED
GPDMA1.DIRECTION_GPDMACH4=DMA_MEMORY_TO_PERIPH
GPDMA1.IPHANDLE_GPDMACH4-SIMPLEREQUEST_GPDMACH4=__NULL
GPDMA1.IPHANDLE_GPDMACH5-SIMPLEREQUEST_GPDMACH5=__NULL
GPDMA1.IPParameters=IPHANDLE_GPDMACH5-SIMPLEREQUEST_GPDMACH5,REQUEST_GPDMACH5,IPHANDLE_GPDMACH4-SIMPLEREQUEST_GPDMACH4,REQUEST_GPDMACH4,CIRCULARMODE_GPDMACH5,DIRECTION_GPDMACH4,CIRCULARMODE_GPDMACH4,LINKALLOCATEDPORT_CIRCULAR_GPDMACH5,SRCINC_GPDMACH5,DESTINC_GPDMACH4,DESTINC_GPDMACH5,SRCINC_GPDMACH4,TRANSFERALLOCATEDPORTSRC_GPDMACH5
GPDMA1.LINKALLOCATEDPORT_CIRCULAR_GPDMACH5=DMA_LINK_ALLOCATED_PORT1
GPDMA1.REQUEST_GPDMACH4=GPDMA1_REQUEST_SPI3_TX
GPDMA1.REQUEST_GPDMACH5=GPDMA1_REQUEST_SPI3_RX
GPDMA1.SRCINC_GPDMACH4=DMA_SINC_INCREMENTED
GPDMA1.SRCINC_GPDMACH5=DMA_SINC_FIXED
GPDMA1.TRANSFERALLOCATEDPORTSRC_GPDMACH5=DMA_SRC_ALLOCATED_PORT1
GPIO.groupedBy=Group By Peripherals
KeepUserPlacement=false
MMTAppRegionsCount=0
MMTConfigApplied=false
Mcu.CPN=STM32H573RIT6
Mcu.ContextProject=TrustZoneDisabled
Mcu.Family=STM32H5
Mcu.IP0=BOOTPATH
Mcu.IP1=CORTEX_M33_NS
Mcu.IP10=RTC
Mcu.IP11=SPI1
Mcu.IP12=SPI3
Mcu.IP13=SYS
Mcu.IP14=TIM5
Mcu.IP15=TIM13
Mcu.IP16=TIM14
Mcu.IP2=CRC
Mcu.IP3=DEBUG
Mcu.IP4=GPDMA1
Mcu.IP5=ICACHE
Mcu.IP6=MEMORYMAP
Mcu.IP7=NVIC
Mcu.IP8=PWR
Mcu.IP9=RCC
Mcu.IPNb=17
Mcu.Name=STM32H573RITx
Mcu.Package=LQFP64
Mcu.Pin0=PC0
Mcu.Pin1=PC1
Mcu.Pin10=PB1
Mcu.Pin11=PB2
Mcu.Pin12=PB10
Mcu.Pin13=PB12
Mcu.Pin14=PB13
Mcu.Pin15=PC7
Mcu.Pin16=PC8
Mcu.Pin17=PC9
Mcu.Pin18=PA8
Mcu.Pin19=PA9
Mcu.Pin2=PC2
Mcu.Pin20=PA10
Mcu.Pin21=PA11
Mcu.Pin22=PA12
Mcu.Pin23=PA13(JTMS/SWDIO)
Mcu.Pin24=PA14(JTCK/SWCLK)
Mcu.Pin25=PA15(JTDI)
Mcu.Pin26=PC10
Mcu.Pin27=PC11
Mcu.Pin28=PB3(JTDO/TRACESWO)
Mcu.Pin29=VP_CORTEX_M33_NS_VS_Hclk
Mcu.Pin3=PA3
Mcu.Pin30=VP_CRC_VS_CRC
Mcu.Pin31=VP_GPDMA1_VS_GPDMACH4
Mcu.Pin32=VP_GPDMA1_VS_GPDMACH5
Mcu.Pin33=VP_ICACHE_VS_ICACHE
Mcu.Pin34=VP_PWR_VS_SECSignals
Mcu.Pin35=VP_PWR_VS_LPOM
Mcu.Pin36=VP_RTC_VS_RTC_Activate
Mcu.Pin37=VP_RTC_VS_RTC_Calendar
Mcu.Pin38=VP_SYS_VS_Systick
Mcu.Pin39=VP_TIM5_VS_ClockSourceINT
Mcu.Pin4=PA4
Mcu.Pin40=VP_TIM13_VS_ClockSourceINT
Mcu.Pin41=VP_TIM14_VS_ClockSourceINT
Mcu.Pin42=VP_BOOTPATH_VS_BOOTPATH
Mcu.Pin43=VP_MEMORYMAP_VS_MEMORYMAP
Mcu.Pin44=VP_STMicroelectronics.X-CUBE-MEMS1_VS_SensorsJjSTM32IiMotionMCIiLibrary_2.8.0_11.3.0
Mcu.Pin5=PA5
Mcu.Pin6=PA6
Mcu.Pin7=PA7
Mcu.Pin8=PC5
Mcu.Pin9=PB0
Mcu.PinsNb=45
Mcu.ThirdParty0=STMicroelectronics.X-CUBE-MEMS1.11.3.0
Mcu.ThirdPartyNb=1
Mcu.UserConstants=
Mcu.UserName=STM32H573RITx
MxCube.Version=6.14.1
MxDb.Version=DB.6.0.141
NVIC.BusFault_IRQn=true\:0\:0\:false\:false\:true\:false\:false\:false
NVIC.DebugMonitor_IRQn=true\:0\:0\:false\:false\:true\:false\:false\:false
NVIC.ForceEnableDMAVector=true
NVIC.GPDMA1_Channel4_IRQn=true\:0\:0\:false\:false\:true\:false\:true\:true
NVIC.GPDMA1_Channel5_IRQn=true\:0\:0\:false\:false\:true\:false\:true\:true
NVIC.HardFault_IRQn=true\:0\:0\:false\:false\:true\:false\:false\:false
NVIC.MemoryManagement_IRQn=true\:0\:0\:false\:false\:true\:false\:false\:false
NVIC.NonMaskableInt_IRQn=true\:0\:0\:false\:false\:true\:false\:false\:false
NVIC.PendSV_IRQn=true\:0\:0\:false\:false\:true\:false\:false\:false
NVIC.PriorityGroup=NVIC_PRIORITYGROUP_4
NVIC.SPI3_IRQn=true\:0\:0\:false\:false\:true\:true\:true\:true
NVIC.SVCall_IRQn=true\:0\:0\:false\:false\:true\:false\:false\:false
NVIC.SysTick_IRQn=true\:15\:0\:false\:false\:true\:false\:true\:false
NVIC.TIM13_IRQn=true\:0\:0\:false\:false\:true\:true\:true\:true
NVIC.TIM14_IRQn=true\:0\:0\:false\:false\:true\:true\:true\:true
NVIC.UsageFault_IRQn=true\:0\:0\:false\:false\:true\:false\:false\:false
PA10.GPIOParameters=PinState,GPIO_Label
PA10.GPIO_Label=LATCH_C
PA10.Locked=true
PA10.PinState=GPIO_PIN_SET
PA10.Signal=GPIO_Output
PA11.GPIOParameters=PinState,GPIO_Label
PA11.GPIO_Label=LATCH_D
PA11.Locked=true
PA11.PinState=GPIO_PIN_SET
PA11.Signal=GPIO_Output
PA12.GPIOParameters=PinState,GPIO_Label
PA12.GPIO_Label=LATCH_E
PA12.Locked=true
PA12.PinState=GPIO_PIN_SET
PA12.Signal=GPIO_Output
PA13(JTMS/SWDIO).Mode=JTAG_4_pins
PA13(JTMS/SWDIO).Signal=DEBUG_JTMS-SWDIO
PA14(JTCK/SWCLK).Mode=JTAG_4_pins
PA14(JTCK/SWCLK).Signal=DEBUG_JTCK-SWCLK
PA15(JTDI).Mode=JTAG_4_pins
PA15(JTDI).Signal=DEBUG_JTDI
PA3.GPIOParameters=GPIO_Label
PA3.GPIO_Label=MAG_INT
PA3.Locked=true
PA3.Signal=GPIO_Output
PA4.GPIOParameters=GPIO_PuPd,GPIO_Label
PA4.GPIO_Label=UC_NCS
PA4.GPIO_PuPd=GPIO_PULLUP
PA4.Mode=NSS_Signal_Hard_Input
PA4.Signal=SPI3_NSS
PA5.GPIOParameters=GPIO_PuPd,GPIO_Label
PA5.GPIO_Label=SENSOR_SCLK
PA5.GPIO_PuPd=GPIO_PULLUP
PA5.Mode=Full_Duplex_Master
PA5.Signal=SPI1_SCK
PA6.GPIOParameters=GPIO_Label
PA6.GPIO_Label=SENSOR_MISO
PA6.Mode=Full_Duplex_Master
PA6.Signal=SPI1_MISO
PA7.GPIOParameters=GPIO_Label
PA7.GPIO_Label=SENSOR_MOSI
PA7.Mode=Full_Duplex_Master
PA7.Signal=SPI1_MOSI
PA8.GPIOParameters=PinState,GPIO_Label
PA8.GPIO_Label=LATCH_A
PA8.Locked=true
PA8.PinState=GPIO_PIN_SET
PA8.Signal=GPIO_Output
PA9.GPIOParameters=PinState,GPIO_Label
PA9.GPIO_Label=LATCH_B
PA9.Locked=true
PA9.PinState=GPIO_PIN_SET
PA9.Signal=GPIO_Output
PB0.GPIOParameters=GPIO_PuPd,GPIO_Label
PB0.GPIO_Label=STAGE2_EN
PB0.GPIO_PuPd=GPIO_PULLDOWN
PB0.Locked=true
PB0.Signal=GPIO_Output
PB1.GPIOParameters=GPIO_PuPd,GPIO_Label
PB1.GPIO_Label=VREF_FB1_E
PB1.GPIO_PuPd=GPIO_PULLDOWN
PB1.Locked=true
PB1.Signal=GPIO_Input
PB10.GPIOParameters=GPIO_PuPd,GPIO_Label
PB10.GPIO_Label=VREF_FB2_D
PB10.GPIO_PuPd=GPIO_PULLDOWN
PB10.Locked=true
PB10.Signal=GPIO_Input
PB12.GPIOParameters=GPIO_PuPd,GPIO_Label
PB12.GPIO_Label=VREF_FB1_D
PB12.GPIO_PuPd=GPIO_PULLDOWN
PB12.Locked=true
PB12.Signal=GPIO_Input
PB13.GPIOParameters=GPIO_PuPd,GPIO_Label
PB13.GPIO_Label=VREF_FB2_E
PB13.GPIO_PuPd=GPIO_PULLDOWN
PB13.Locked=true
PB13.Signal=GPIO_Input
PB2.GPIOParameters=GPIO_Label
PB2.GPIO_Label=UC_MOSI
PB2.Locked=true
PB2.Mode=Full_Duplex_Slave
PB2.Signal=SPI3_MOSI
PB3(JTDO/TRACESWO).Mode=JTAG_4_pins
PB3(JTDO/TRACESWO).Signal=DEBUG_JTDO-SWO
PC0.GPIOParameters=PinState,GPIO_PuPd,GPIO_Label
PC0.GPIO_Label=MAG_NCS
PC0.GPIO_PuPd=GPIO_PULLUP
PC0.Locked=true
PC0.PinState=GPIO_PIN_SET
PC0.Signal=GPIO_Output
PC1.GPIOParameters=PinState,GPIO_PuPd,GPIO_Label
PC1.GPIO_Label=BAR_NCS
PC1.GPIO_PuPd=GPIO_PULLUP
PC1.Locked=true
PC1.PinState=GPIO_PIN_SET
PC1.Signal=GPIO_Output
PC10.GPIOParameters=GPIO_Label
PC10.GPIO_Label=UC_SCLK
PC10.Locked=true
PC10.Mode=Full_Duplex_Slave
PC10.Signal=SPI3_SCK
PC11.GPIOParameters=GPIO_Label
PC11.GPIO_Label=UC_MISO
PC11.Locked=true
PC11.Mode=Full_Duplex_Slave
PC11.Signal=SPI3_MISO
PC2.GPIOParameters=PinState,GPIO_PuPd,GPIO_Label
PC2.GPIO_Label=IMU_NCS
PC2.GPIO_PuPd=GPIO_PULLUP
PC2.Locked=true
PC2.PinState=GPIO_PIN_SET
PC2.Signal=GPIO_Output
PC5.GPIOParameters=GPIO_Label
PC5.GPIO_Label=MAG_DRDY
PC5.Locked=true
PC5.Signal=GPIO_Output
PC7.GPIOParameters=GPIO_PuPd,GPIO_Label
PC7.GPIO_Label=VREF_FB2
PC7.GPIO_PuPd=GPIO_PULLDOWN
PC7.Locked=true
PC7.Signal=GPIO_Input
PC8.GPIOParameters=GPIO_PuPd,GPIO_Label
PC8.GPIO_Label=VREF_FB1
PC8.GPIO_PuPd=GPIO_PULLDOWN
PC8.Locked=true
PC8.Signal=GPIO_Input
PC9.GPIOParameters=GPIO_PuPd,GPIO_Label
PC9.GPIO_Label=STAGE1_EN
PC9.GPIO_PuPd=GPIO_PULLDOWN
PC9.Locked=true
PC9.Signal=GPIO_Output
PinOutPanel.RotationAngle=0
ProjectManager.AskForMigrate=true
ProjectManager.BackupPrevious=false
ProjectManager.CompilerLinker=GCC
ProjectManager.CompilerOptimize=6
ProjectManager.ComputerToolchain=false
ProjectManager.CoupleFile=false
ProjectManager.CustomerFirmwarePackage=
ProjectManager.DefaultFWLocation=true
ProjectManager.DeletePrevious=true
ProjectManager.DeviceId=STM32H573RITx
ProjectManager.FirmwarePackage=STM32Cube FW_H5 V1.5.1
ProjectManager.FreePins=false
ProjectManager.HalAssertFull=false
ProjectManager.HeapSize=0x200
ProjectManager.KeepUserCode=true
ProjectManager.LastFirmware=true
ProjectManager.LibraryCopy=1
ProjectManager.MainLocation=Core/Src
ProjectManager.NoMain=false
ProjectManager.PreviousToolchain=
ProjectManager.ProjectBuild=false
ProjectManager.ProjectFileName=RecoBoard.ioc
ProjectManager.ProjectName=RecoBoard
ProjectManager.ProjectStructure=
ProjectManager.RegisterCallBack=
ProjectManager.StackSize=0x400
ProjectManager.TargetToolchain=STM32CubeIDE
ProjectManager.ToolChainLocation=
ProjectManager.UAScriptAfterPath=
ProjectManager.UAScriptBeforePath=
ProjectManager.UnderRoot=true
ProjectManager.functionlistsort=1-SystemClock_Config-RCC-false-HAL-false,2-MX_GPIO_Init-GPIO-false-HAL-true,3-MX_GPDMA1_Init-GPDMA1-false-HAL-true,4-MX_ICACHE_Init-ICACHE-false-HAL-true,5-MX_SPI1_Init-SPI1-false-HAL-true,6-MX_RTC_Init-RTC-false-HAL-true,7-MX_SPI3_Init-SPI3-false-HAL-true,8-MX_CRC_Init-CRC-false-HAL-true,9-MX_TIM14_Init-TIM14-false-HAL-true,10-MX_TIM13_Init-TIM13-false-HAL-true,11-MX_TIM5_Init-TIM5-false-HAL-true,0-MX_CORTEX_M33_NS_Init-CORTEX_M33_NS-false-HAL-true,0-MX_PWR_Init-PWR-false-HAL-true
RCC.ADCFreq_Value=250000000
RCC.AHBFreq_Value=250000000
RCC.APB1Freq_Value=250000000
RCC.APB1TimFreq_Value=250000000
RCC.APB2Freq_Value=250000000
RCC.APB2TimFreq_Value=250000000
RCC.APB3Freq_Value=250000000
RCC.CECFreq_Value=32000
RCC.CKPERFreq_Value=64000000
RCC.CRSFreq_Value=48000000
RCC.CSI_VALUE=4000000
RCC.CortexFreq_Value=250000000
RCC.DACFreq_Value=32768
RCC.EPOD_VALUE=4000000
RCC.ETHFreq_Value=250000000
RCC.FCLKCortexFreq_Value=250000000
RCC.FDCANFreq_Value=25000000
RCC.FamilyName=M
RCC.HCLKFreq_Value=250000000
RCC.HSE_VALUE=25000000
RCC.HSI48_VALUE=48000000
RCC.HSIDiv=RCC_HSI_DIV1
RCC.HSI_VALUE=64000000
RCC.I2C1Freq_Value=250000000
RCC.I2C2Freq_Value=250000000
RCC.I2C3Freq_Value=250000000
RCC.I2C4Freq_Value=250000000
RCC.I3C1Freq_Value=250000000
RCC.IPParameters=ADCFreq_Value,AHBFreq_Value,APB1Freq_Value,APB1TimFreq_Value,APB2Freq_Value,APB2TimFreq_Value,APB3Freq_Value,CECFreq_Value,CKPERFreq_Value,CRSFreq_Value,CSI_VALUE,CortexFreq_Value,DACFreq_Value,EPOD_VALUE,ETHFreq_Value,FCLKCortexFreq_Value,FDCANFreq_Value,FamilyName,HCLKFreq_Value,HSE_VALUE,HSI48_VALUE,HSIDiv,HSI_VALUE,I2C1Freq_Value,I2C2Freq_Value,I2C3Freq_Value,I2C4Freq_Value,I3C1Freq_Value,LPTIM1Freq_Value,LPTIM2Freq_Value,LPTIM3Freq_Value,LPTIM4Freq_Value,LPTIM5Freq_Value,LPTIM6Freq_Value,LPUART1Freq_Value,LSCOPinFreq_Value,LSE_VALUE,LSIRC_VALUE,MCO1PinFreq_Value,MCO2PinFreq_Value,OCTOSPIMFreq_Value,PLL2FRACN,PLL2PoutputFreq_Value,PLL2QoutputFreq_Value,PLL2RoutputFreq_Value,PLL3FRACN,PLL3PoutputFreq_Value,PLL3QoutputFreq_Value,PLL3RoutputFreq_Value,PLLFRACN,PLLN,PLLPoutputFreq_Value,PLLQoutputFreq_Value,PWRFreq_Value,RNGFreq_Value,SAI1Freq_Value,SAI2Freq_Value,SDMMC1Freq_Value,SPI1Freq_Value,SPI2Freq_Value,SPI3Freq_Value,SPI6Freq_Value,SYSCLKFreq_VALUE,SYSCLKSource,UART4Freq_Value,UART5Freq_Value,UART7Freq_Value,UCPD1outputFreq_Value,USART11Freq_Value,USART1Freq_Value,USART2Freq_Value,USART3Freq_Value,USART6Freq_Value,USBFreq_Value,VCOInput2Freq_Value,VCOInput3Freq_Value,VCOInputFreq_Value,VCOOutputFreq_Value,VCOPLL2OutputFreq_Value,VCOPLL3OutputFreq_Value
RCC.LPTIM1Freq_Value=250000000
RCC.LPTIM2Freq_Value=250000000
RCC.LPTIM3Freq_Value=250000000
RCC.LPTIM4Freq_Value=250000000
RCC.LPTIM5Freq_Value=250000000
RCC.LPTIM6Freq_Value=250000000
RCC.LPUART1Freq_Value=250000000
RCC.LSCOPinFreq_Value=32000
RCC.LSE_VALUE=32768
RCC.LSIRC_VALUE=32000
RCC.MCO1PinFreq_Value=64000000
RCC.MCO2PinFreq_Value=250000000
RCC.OCTOSPIMFreq_Value=250000000
RCC.PLL2FRACN=0
RCC.PLL2PoutputFreq_Value=258000000
RCC.PLL2QoutputFreq_Value=258000000
RCC.PLL2RoutputFreq_Value=258000000
RCC.PLL3FRACN=0
RCC.PLL3PoutputFreq_Value=258000000
RCC.PLL3QoutputFreq_Value=258000000
RCC.PLL3RoutputFreq_Value=258000000
RCC.PLLFRACN=0
RCC.PLLN=125
RCC.PLLPoutputFreq_Value=250000000
RCC.PLLQoutputFreq_Value=250000000
RCC.PWRFreq_Value=250000000
RCC.RNGFreq_Value=48000000
RCC.SAI1Freq_Value=258000000
RCC.SAI2Freq_Value=258000000
RCC.SDMMC1Freq_Value=250000000
RCC.SPI1Freq_Value=250000000
RCC.SPI2Freq_Value=250000000
RCC.SPI3Freq_Value=250000000
RCC.SPI6Freq_Value=250000000
RCC.SYSCLKFreq_VALUE=250000000
RCC.SYSCLKSource=RCC_SYSCLKSOURCE_PLLCLK
RCC.UART4Freq_Value=250000000
RCC.UART5Freq_Value=250000000
RCC.UART7Freq_Value=250000000
RCC.UCPD1outputFreq_Value=16000000
RCC.USART11Freq_Value=250000000
RCC.USART1Freq_Value=250000000
RCC.USART2Freq_Value=250000000
RCC.USART3Freq_Value=250000000
RCC.USART6Freq_Value=250000000
RCC.USBFreq_Value=48000000
RCC.VCOInput2Freq_Value=4000000
RCC.VCOInput3Freq_Value=4000000
RCC.VCOInputFreq_Value=4000000
RCC.VCOOutputFreq_Value=500000000
RCC.VCOPLL2OutputFreq_Value=516000000
RCC.VCOPLL3OutputFreq_Value=516000000
SPI1.BaudRatePrescaler=SPI_BAUDRATEPRESCALER_16
SPI1.CLKPhase=SPI_PHASE_2EDGE
SPI1.CLKPolarity=SPI_POLARITY_HIGH
SPI1.CalculateBaudRate=15.625 MBits/s
SPI1.DataSize=SPI_DATASIZE_8BIT
SPI1.Direction=SPI_DIRECTION_2LINES
SPI1.IPParameters=VirtualType,Mode,Direction,CalculateBaudRate,DataSize,BaudRatePrescaler,CLKPolarity,CLKPhase
SPI1.Mode=SPI_MODE_MASTER
SPI1.VirtualType=VM_MASTER
SPI3.CRCCalculation=SPI_CRCCALCULATION_DISABLE
SPI3.DataSize=SPI_DATASIZE_8BIT
SPI3.Direction=SPI_DIRECTION_2LINES
SPI3.IPParameters=VirtualType,Mode,Direction,VirtualNSS,DataSize,CRCCalculation
SPI3.Mode=SPI_MODE_SLAVE
SPI3.VirtualNSS=VM_NSSHARD
SPI3.VirtualType=VM_SLAVE
STMicroelectronics.X-CUBE-MEMS1.11.3.0.IPParameters=SensorsJjSTM32IiMotionMCIiLibraryJjCore
STMicroelectronics.X-CUBE-MEMS1.11.3.0.SensorsJjSTM32IiMotionMCIiLibraryJjCore=true
STMicroelectronics.X-CUBE-MEMS1.11.3.0.SensorsJjSTM32IiMotionMCIiLibrary_Checked=true
STMicroelectronics.X-CUBE-MEMS1.11.3.0_SwParameter=SensorsJjSTM32IiMotionMCIiLibraryJjCore\:true;
TIM13.IPParameters=Prescaler,PeriodNoDither
TIM13.PeriodNoDither=10000-1
TIM13.Prescaler=250-1
TIM14.IPParameters=Prescaler,PeriodNoDither
TIM14.PeriodNoDither=2500-1
TIM14.Prescaler=250-1
TIM5.IPParameters=Prescaler
TIM5.Prescaler=250 - 1
VP_BOOTPATH_VS_BOOTPATH.Mode=BP_Activate
VP_BOOTPATH_VS_BOOTPATH.Signal=BOOTPATH_VS_BOOTPATH
VP_CORTEX_M33_NS_VS_Hclk.Mode=Hclk_Mode
VP_CORTEX_M33_NS_VS_Hclk.Signal=CORTEX_M33_NS_VS_Hclk
VP_CRC_VS_CRC.Mode=CRC_Activate
VP_CRC_VS_CRC.Signal=CRC_VS_CRC
VP_GPDMA1_VS_GPDMACH4.Mode=SIMPLEREQUEST_GPDMACH4
VP_GPDMA1_VS_GPDMACH4.Signal=GPDMA1_VS_GPDMACH4
VP_GPDMA1_VS_GPDMACH5.Mode=SIMPLEREQUEST_GPDMACH5
VP_GPDMA1_VS_GPDMACH5.Signal=GPDMA1_VS_GPDMACH5
VP_ICACHE_VS_ICACHE.Mode=DefaultMode
VP_ICACHE_VS_ICACHE.Signal=ICACHE_VS_ICACHE
VP_MEMORYMAP_VS_MEMORYMAP.Mode=CurAppReg
VP_MEMORYMAP_VS_MEMORYMAP.Signal=MEMORYMAP_VS_MEMORYMAP
VP_PWR_VS_LPOM.Mode=PowerOptimisation
VP_PWR_VS_LPOM.Signal=PWR_VS_LPOM
VP_PWR_VS_SECSignals.Mode=Security/Privilege
VP_PWR_VS_SECSignals.Signal=PWR_VS_SECSignals
VP_RTC_VS_RTC_Activate.Mode=RTC_Enabled
VP_RTC_VS_RTC_Activate.Signal=RTC_VS_RTC_Activate
VP_RTC_VS_RTC_Calendar.Mode=RTC_Calendar
VP_RTC_VS_RTC_Calendar.Signal=RTC_VS_RTC_Calendar
VP_STMicroelectronics.X-CUBE-MEMS1_VS_SensorsJjSTM32IiMotionMCIiLibrary_2.8.0_11.3.0.Mode=SensorsJjSTM32IiMotionMCIiLibrary
VP_STMicroelectronics.X-CUBE-MEMS1_VS_SensorsJjSTM32IiMotionMCIiLibrary_2.8.0_11.3.0.Signal=STMicroelectronics.X-CUBE-MEMS1_VS_SensorsJjSTM32IiMotionMCIiLibrary_2.8.0_11.3.0
VP_SYS_VS_Systick.Mode=SysTick
VP_SYS_VS_Systick.Signal=SYS_VS_Systick
VP_TIM13_VS_ClockSourceINT.Mode=Enable_Timer
VP_TIM13_VS_ClockSourceINT.Signal=TIM13_VS_ClockSourceINT
VP_TIM14_VS_ClockSourceINT.Mode=Enable_Timer
VP_TIM14_VS_ClockSourceINT.Signal=TIM14_VS_ClockSourceINT
VP_TIM5_VS_ClockSourceINT.Mode=Internal
VP_TIM5_VS_ClockSourceINT.Signal=TIM5_VS_ClockSourceINT
board=custom
isbadioc=false
